
Microsoft Visual Studio Solution File, Format Version 12.00
# Visual Studio Version 17
VisualStudioVersion = 17.11.35222.181
MinimumVisualStudioVersion = 10.0.40219.1
Project("{FAE04EC0-301F-11D3-BF4B-00C04F79EFBC}") = "VisualStudioHTML", "VisualStudioHTML\VisualStudioHTML.csproj", "{C5239F85-5598-4F26-8C5E-71359B23FC5F}"
EndProject
Global
	GlobalSection(SolutionConfigurationPlatforms) = preSolution
		Debug|Any CPU = Debug|Any CPU
		Release|Any CPU = Release|Any CPU
	EndGlobalSection
	GlobalSection(ProjectConfigurationPlatforms) = postSolution
		{C5239F85-5598-4F26-8C5E-71359B23FC5F}.Debug|Any CPU.ActiveCfg = Debug|Any CPU
		{C5239F85-5598-4F26-8C5E-71359B23FC5F}.Debug|Any CPU.Build.0 = Debug|Any CPU
		{C5239F85-5598-4F26-8C5E-71359B23FC5F}.Release|Any CPU.ActiveCfg = Release|Any CPU
		{C5239F85-5598-4F26-8C5E-71359B23FC5F}.Release|Any CPU.Build.0 = Release|Any CPU
	EndGlobalSection
	GlobalSection(SolutionProperties) = preSolution
		HideSolutionNode = FALSE
	EndGlobalSection
	GlobalSection(ExtensibilityGlobals) = postSolution
		SolutionGuid = {3879603B-7B8A-4B41-BB18-6F4BFA8F3CA9}
	EndGlobalSection
EndGlobal
